github.com/vadervela/compiler-test v0.1.5 h1:jDdZBxvSHa4DgAp3nvQiDJHWkRzsB53Zdcf66AtTVuE=
github.com/vadervela/compiler-test v0.1.5/go.mod h1:NWYhzPQ3mWeNkzRB8IZTuBhQBJFZf04BNdso/kaeaRo=
github.com/vadervela/types-test v0.1.5/go.mod h1:N8fqOSZPIdavth2k2BWXGfeBCJd5d6CxDvV/U6lYTlE=
github.com/vadervela/types-test v0.1.9 h1:C5o69mZTszyFe0QbgHJ55yVO4GkDQAuda1W5VCtP1G4=
github.com/vadervela/types-test v0.1.9/go.mod h1:N8fqOSZPIdavth2k2BWXGfeBCJd5d6CxDvV/U6lYTlE=
